// !$*UTF8*$!
{
	archiveVersion = 1;
	classes = {
	};
	objectVersion = 56;
	objects = {

/* Begin PBXBuildFile section */
		85670C6D299160AD003DA754 /* SearchPageViewController.swift in Sources */ = {isa = PBXBuildFile; fileRef = 85670C6C299160AD003DA754 /* SearchPageViewController.swift */; };
		85670C6F29916B76003DA754 /* MainPageViewController.swift in Sources */ = {isa = PBXBuildFile; fileRef = 85670C6E29916B76003DA754 /* MainPageViewController.swift */; };
		85670C7129916ECF003DA754 /* TabBar.swift in Sources */ = {isa = PBXBuildFile; fileRef = 85670C7029916ECF003DA754 /* TabBar.swift */; };
		85670C7429918774003DA754 /* MyAccountViewController.swift in Sources */ = {isa = PBXBuildFile; fileRef = 85670C7329918774003DA754 /* MyAccountViewController.swift */; };
		85670C7729918819003DA754 /* MyFilmsViewController.swift in Sources */ = {isa = PBXBuildFile; fileRef = 85670C7629918819003DA754 /* MyFilmsViewController.swift */; };
		85670CC1299E4B86003DA754 /* SignUpViewController.swift in Sources */ = {isa = PBXBuildFile; fileRef = 85670CC0299E4B86003DA754 /* SignUpViewController.swift */; };
		85670CC4299F8CBA003DA754 /* IQKeyboardManagerSwift in Frameworks */ = {isa = PBXBuildFile; productRef = 85670CC3299F8CBA003DA754 /* IQKeyboardManagerSwift */; };
		85670CC8299FA612003DA754 /* UserModel.swift in Sources */ = {isa = PBXBuildFile; fileRef = 85670CC7299FA612003DA754 /* UserModel.swift */; };
		85670CCA29A0FDA7003DA754 /* SignInViewController.swift in Sources */ = {isa = PBXBuildFile; fileRef = 85670CC929A0FDA7003DA754 /* SignInViewController.swift */; };
		85670CDE29A16291003DA754 /* FirebaseAnalytics in Frameworks */ = {isa = PBXBuildFile; productRef = 85670CDD29A16291003DA754 /* FirebaseAnalytics */; };
		85670CE029A16291003DA754 /* FirebaseAuth in Frameworks */ = {isa = PBXBuildFile; productRef = 85670CDF29A16291003DA754 /* FirebaseAuth */; };
		85670CE229A16291003DA754 /* FirebaseCrashlytics in Frameworks */ = {isa = PBXBuildFile; productRef = 85670CE129A16291003DA754 /* FirebaseCrashlytics */; };
		85670CE429A16291003DA754 /* FirebaseDatabase in Frameworks */ = {isa = PBXBuildFile; productRef = 85670CE329A16291003DA754 /* FirebaseDatabase */; };
		85670CE629A16291003DA754 /* FirebaseStorage in Frameworks */ = {isa = PBXBuildFile; productRef = 85670CE529A16291003DA754 /* FirebaseStorage */; };
		85670D0829A400FD003DA754 /* GoogleService-Info.plist in Resources */ = {isa = PBXBuildFile; fileRef = 85670D0729A400FC003DA754 /* GoogleService-Info.plist */; };
		85713857299022A10022F44C /* AppDelegate.swift in Sources */ = {isa = PBXBuildFile; fileRef = 85713856299022A10022F44C /* AppDelegate.swift */; };
		85713859299022A10022F44C /* SceneDelegate.swift in Sources */ = {isa = PBXBuildFile; fileRef = 85713858299022A10022F44C /* SceneDelegate.swift */; };
		85713860299022A20022F44C /* Assets.xcassets in Resources */ = {isa = PBXBuildFile; fileRef = 8571385F299022A20022F44C /* Assets.xcassets */; };
		85713863299022A20022F44C /* LaunchScreen.storyboard in Resources */ = {isa = PBXBuildFile; fileRef = 85713861299022A20022F44C /* LaunchScreen.storyboard */; };
		8571386D299031370022F44C /* FirstAnimationScreenViewController.swift in Sources */ = {isa = PBXBuildFile; fileRef = 8571386C299031370022F44C /* FirstAnimationScreenViewController.swift */; };
/* End PBXBuildFile section */

/* Begin PBXFileReference section */
		85670C6C299160AD003DA754 /* SearchPageViewController.swift */ = {isa = PBXFileReference; lastKnownFileType = sourcecode.swift; path = SearchPageViewController.swift; sourceTree = "<group>"; };
		85670C6E29916B76003DA754 /* MainPageViewController.swift */ = {isa = PBXFileReference; lastKnownFileType = sourcecode.swift; path = MainPageViewController.swift; sourceTree = "<group>"; };
		85670C7029916ECF003DA754 /* TabBar.swift */ = {isa = PBXFileReference; lastKnownFileType = sourcecode.swift; path = TabBar.swift; sourceTree = "<group>"; };
		85670C7329918774003DA754 /* MyAccountViewController.swift */ = {isa = PBXFileReference; lastKnownFileType = sourcecode.swift; path = MyAccountViewController.swift; sourceTree = "<group>"; };
		85670C7629918819003DA754 /* MyFilmsViewController.swift */ = {isa = PBXFileReference; lastKnownFileType = sourcecode.swift; path = MyFilmsViewController.swift; sourceTree = "<group>"; };
		85670CC0299E4B86003DA754 /* SignUpViewController.swift */ = {isa = PBXFileReference; lastKnownFileType = sourcecode.swift; path = SignUpViewController.swift; sourceTree = "<group>"; };
		85670CC7299FA612003DA754 /* UserModel.swift */ = {isa = PBXFileReference; lastKnownFileType = sourcecode.swift; path = UserModel.swift; sourceTree = "<group>"; };
		85670CC929A0FDA7003DA754 /* SignInViewController.swift */ = {isa = PBXFileReference; lastKnownFileType = sourcecode.swift; path = SignInViewController.swift; sourceTree = "<group>"; };
		85670D0729A400FC003DA754 /* GoogleService-Info.plist */ = {isa = PBXFileReference; fileEncoding = 4; lastKnownFileType = text.plist.xml; path = "GoogleService-Info.plist"; sourceTree = "<group>"; };
		85713853299022A10022F44C /* CineworldApp.app */ = {isa = PBXFileReference; explicitFileType = wrapper.application; includeInIndex = 0; path = CineworldApp.app; sourceTree = BUILT_PRODUCTS_DIR; };
		85713856299022A10022F44C /* AppDelegate.swift */ = {isa = PBXFileReference; lastKnownFileType = sourcecode.swift; path = AppDelegate.swift; sourceTree = "<group>"; };
		85713858299022A10022F44C /* SceneDelegate.swift */ = {isa = PBXFileReference; lastKnownFileType = sourcecode.swift; path = SceneDelegate.swift; sourceTree = "<group>"; };
		8571385F299022A20022F44C /* Assets.xcassets */ = {isa = PBXFileReference; lastKnownFileType = folder.assetcatalog; path = Assets.xcassets; sourceTree = "<group>"; };
		85713862299022A20022F44C /* Base */ = {isa = PBXFileReference; lastKnownFileType = file.storyboard; name = Base; path = Base.lproj/LaunchScreen.storyboard; sourceTree = "<group>"; };
		85713864299022A20022F44C /* Info.plist */ = {isa = PBXFileReference; lastKnownFileType = text.plist.xml; path = Info.plist; sourceTree = "<group>"; };
		8571386C299031370022F44C /* FirstAnimationScreenViewController.swift */ = {isa = PBXFileReference; lastKnownFileType = sourcecode.swift; path = FirstAnimationScreenViewController.swift; sourceTree = "<group>"; };
/* End PBXFileReference section */

/* Begin PBXFrameworksBuildPhase section */
		85713850299022A10022F44C /* Frameworks */ = {
			isa = PBXFrameworksBuildPhase;
			buildActionMask = 2147483647;
			files = (
				85670CE429A16291003DA754 /* FirebaseDatabase in Frameworks */,
				85670CDE29A16291003DA754 /* FirebaseAnalytics in Frameworks */,
				85670CE229A16291003DA754 /* FirebaseCrashlytics in Frameworks */,
				85670CE029A16291003DA754 /* FirebaseAuth in Frameworks */,
				85670CC4299F8CBA003DA754 /* IQKeyboardManagerSwift in Frameworks */,
				85670CE629A16291003DA754 /* FirebaseStorage in Frameworks */,
			);
			runOnlyForDeploymentPostprocessing = 0;
		};
/* End PBXFrameworksBuildPhase section */

/* Begin PBXGroup section */
		85670C682991414C003DA754 /* MainPage */ = {
			isa = PBXGroup;
			children = (
				85670C6E29916B76003DA754 /* MainPageViewController.swift */,
			);
			path = MainPage;
			sourceTree = "<group>";
		};
		85670C6B29916088003DA754 /* SearchPage */ = {
			isa = PBXGroup;
			children = (
				85670C6C299160AD003DA754 /* SearchPageViewController.swift */,
			);
			path = SearchPage;
			sourceTree = "<group>";
		};
		85670C7229918716003DA754 /* MyAcountPage */ = {
			isa = PBXGroup;
			children = (
				85670C7329918774003DA754 /* MyAccountViewController.swift */,
			);
			path = MyAcountPage;
			sourceTree = "<group>";
		};
		85670C75299187D9003DA754 /* SaveFilmsPage */ = {
			isa = PBXGroup;
			children = (
				85670C7629918819003DA754 /* MyFilmsViewController.swift */,
			);
			path = SaveFilmsPage;
			sourceTree = "<group>";
		};
		85670CC5299FA5A7003DA754 /* Models */ = {
			isa = PBXGroup;
			children = (
				85670CC7299FA612003DA754 /* UserModel.swift */,
			);
			path = Models;
			sourceTree = "<group>";
		};
		85670CC6299FA5B9003DA754 /* SignUp */ = {
			isa = PBXGroup;
			children = (
				85670CC0299E4B86003DA754 /* SignUpViewController.swift */,
				85670CC929A0FDA7003DA754 /* SignInViewController.swift */,
			);
			path = SignUp;
			sourceTree = "<group>";
		};
		8571384A299022A10022F44C = {
			isa = PBXGroup;
			children = (
				85713855299022A10022F44C /* CineworldApp */,
				85713854299022A10022F44C /* Products */,
			);
			sourceTree = "<group>";
		};
		85713854299022A10022F44C /* Products */ = {
			isa = PBXGroup;
			children = (
				85713853299022A10022F44C /* CineworldApp.app */,
			);
			name = Products;
			sourceTree = "<group>";
		};
		85713855299022A10022F44C /* CineworldApp */ = {
			isa = PBXGroup;
			children = (
				85670C7029916ECF003DA754 /* TabBar.swift */,
				85670CC6299FA5B9003DA754 /* SignUp */,
				85670CC5299FA5A7003DA754 /* Models */,
				85670C75299187D9003DA754 /* SaveFilmsPage */,
				85670C7229918716003DA754 /* MyAcountPage */,
				85670C6B29916088003DA754 /* SearchPage */,
				85670C682991414C003DA754 /* MainPage */,
				8571386B299030E70022F44C /* FirstAnimation */,
				8571386A299030990022F44C /* Delegates */,
				8571385F299022A20022F44C /* Assets.xcassets */,
				85670D0729A400FC003DA754 /* GoogleService-Info.plist */,
				85713861299022A20022F44C /* LaunchScreen.storyboard */,
				85713864299022A20022F44C /* Info.plist */,
			);
			path = CineworldApp;
			sourceTree = "<group>";
		};
		8571386A299030990022F44C /* Delegates */ = {
			isa = PBXGroup;
			children = (
				85713856299022A10022F44C /* AppDelegate.swift */,
				85713858299022A10022F44C /* SceneDelegate.swift */,
			);
			path = Delegates;
			sourceTree = "<group>";
		};
		8571386B299030E70022F44C /* FirstAnimation */ = {
			isa = PBXGroup;
			children = (
				8571386C299031370022F44C /* FirstAnimationScreenViewController.swift */,
			);
			path = FirstAnimation;
			sourceTree = "<group>";
		};
/* End PBXGroup section */

/* Begin PBXNativeTarget section */
		85713852299022A10022F44C /* CineworldApp */ = {
			isa = PBXNativeTarget;
			buildConfigurationList = 85713867299022A20022F44C /* Build configuration list for PBXNativeTarget "CineworldApp" */;
			buildPhases = (
				8571384F299022A10022F44C /* Sources */,
				85713850299022A10022F44C /* Frameworks */,
				85713851299022A10022F44C /* Resources */,
			);
			buildRules = (
			);
			dependencies = (
			);
			name = CineworldApp;
			packageProductDependencies = (
				85670CC3299F8CBA003DA754 /* IQKeyboardManagerSwift */,
				85670CDD29A16291003DA754 /* FirebaseAnalytics */,
				85670CDF29A16291003DA754 /* FirebaseAuth */,
				85670CE129A16291003DA754 /* FirebaseCrashlytics */,
				85670CE329A16291003DA754 /* FirebaseDatabase */,
				85670CE529A16291003DA754 /* FirebaseStorage */,
			);
			productName = CineworldApp;
			productReference = 85713853299022A10022F44C /* CineworldApp.app */;
			productType = "com.apple.product-type.application";
		};
/* End PBXNativeTarget section */

/* Begin PBXProject section */
		8571384B299022A10022F44C /* Project object */ = {
			isa = PBXProject;
			attributes = {
				BuildIndependentTargetsInParallel = 1;
				LastSwiftUpdateCheck = 1420;
				LastUpgradeCheck = 1420;
				TargetAttributes = {
					85713852299022A10022F44C = {
						CreatedOnToolsVersion = 14.2;
					};
				};
			};
			buildConfigurationList = 8571384E299022A10022F44C /* Build configuration list for PBXProject "CineworldApp" */;
			compatibilityVersion = "Xcode 14.0";
			developmentRegion = en;
			hasScannedForEncodings = 0;
			knownRegions = (
				en,
				Base,
			);
			mainGroup = 8571384A299022A10022F44C;
			packageReferences = (
				85670CC2299F8CBA003DA754 /* XCRemoteSwiftPackageReference "IQKeyboardManager" */,
				85670CDC29A16291003DA754 /* XCRemoteSwiftPackageReference "firebase-ios-sdk" */,
			);
			productRefGroup = 85713854299022A10022F44C /* Products */;
			projectDirPath = "";
			projectRoot = "";
			targets = (
				85713852299022A10022F44C /* CineworldApp */,
			);
		};
/* End PBXProject section */

/* Begin PBXResourcesBuildPhase section */
		85713851299022A10022F44C /* Resources */ = {
			isa = PBXResourcesBuildPhase;
			buildActionMask = 2147483647;
			files = (
				85713863299022A20022F44C /* LaunchScreen.storyboard in Resources */,
				85713860299022A20022F44C /* Assets.xcassets in Resources */,
				85670D0829A400FD003DA754 /* GoogleService-Info.plist in Resources */,
			);
			runOnlyForDeploymentPostprocessing = 0;
		};
/* End PBXResourcesBuildPhase section */

/* Begin PBXSourcesBuildPhase section */
		8571384F299022A10022F44C /* Sources */ = {
			isa = PBXSourcesBuildPhase;
			buildActionMask = 2147483647;
			files = (
				85670CCA29A0FDA7003DA754 /* SignInViewController.swift in Sources */,
				85670C6D299160AD003DA754 /* SearchPageViewController.swift in Sources */,
				85713857299022A10022F44C /* AppDelegate.swift in Sources */,
				85713859299022A10022F44C /* SceneDelegate.swift in Sources */,
				85670C7429918774003DA754 /* MyAccountViewController.swift in Sources */,
				85670C7129916ECF003DA754 /* TabBar.swift in Sources */,
				85670C6F29916B76003DA754 /* MainPageViewController.swift in Sources */,
				85670CC1299E4B86003DA754 /* SignUpViewController.swift in Sources */,
				85670C7729918819003DA754 /* MyFilmsViewController.swift in Sources */,
				85670CC8299FA612003DA754 /* UserModel.swift in Sources */,
				8571386D299031370022F44C /* FirstAnimationScreenViewController.swift in Sources */,
			);
			runOnlyForDeploymentPostprocessing = 0;
		};
/* End PBXSourcesBuildPhase section */

/* Begin PBXVariantGroup section */
		85713861299022A20022F44C /* LaunchScreen.storyboard */ = {
			isa = PBXVariantGroup;
			children = (
				85713862299022A20022F44C /* Base */,
			);
			name = LaunchScreen.storyboard;
			sourceTree = "<group>";
		};
/* End PBXVariantGroup section */

/* Begin XCBuildConfiguration section */
		85713865299022A20022F44C /* Debug */ = {
			isa = XCBuildConfiguration;
			buildSettings = {
				ALWAYS_SEARCH_USER_PATHS = NO;
				CLANG_ANALYZER_NONNULL = YES;
				CLANG_ANALYZER_NUMBER_OBJECT_CONVERSION = YES_AGGRESSIVE;
				CLANG_CXX_LANGUAGE_STANDARD = "gnu++20";
				CLANG_ENABLE_MODULES = YES;
				CLANG_ENABLE_OBJC_ARC = YES;
				CLANG_ENABLE_OBJC_WEAK = YES;
				CLANG_WARN_BLOCK_CAPTURE_AUTORELEASING = YES;
				CLANG_WARN_BOOL_CONVERSION = YES;
				CLANG_WARN_COMMA = YES;
				CLANG_WARN_CONSTANT_CONVERSION = YES;
				CLANG_WARN_DEPRECATED_OBJC_IMPLEMENTATIONS = YES;
				CLANG_WARN_DIRECT_OBJC_ISA_USAGE = YES_ERROR;
				CLANG_WARN_DOCUMENTATION_COMMENTS = YES;
				CLANG_WARN_EMPTY_BODY = YES;
				CLANG_WARN_ENUM_CONVERSION = YES;
				CLANG_WARN_INFINITE_RECURSION = YES;
				CLANG_WARN_INT_CONVERSION = YES;
				CLANG_WARN_NON_LITERAL_NULL_CONVERSION = YES;
				CLANG_WARN_OBJC_IMPLICIT_RETAIN_SELF = YES;
				CLANG_WARN_OBJC_LITERAL_CONVERSION = YES;
				CLANG_WARN_OBJC_ROOT_CLASS = YES_ERROR;
				CLANG_WARN_QUOTED_INCLUDE_IN_FRAMEWORK_HEADER = YES;
				CLANG_WARN_RANGE_LOOP_ANALYSIS = YES;
				CLANG_WARN_STRICT_PROTOTYPES = YES;
				CLANG_WARN_SUSPICIOUS_MOVE = YES;
				CLANG_WARN_UNGUARDED_AVAILABILITY = YES_AGGRESSIVE;
				CLANG_WARN_UNREACHABLE_CODE = YES;
				CLANG_WARN__DUPLICATE_METHOD_MATCH = YES;
				COPY_PHASE_STRIP = NO;
				DEBUG_INFORMATION_FORMAT = dwarf;
				ENABLE_STRICT_OBJC_MSGSEND = YES;
				ENABLE_TESTABILITY = YES;
				GCC_C_LANGUAGE_STANDARD = gnu11;
				GCC_DYNAMIC_NO_PIC = NO;
				GCC_NO_COMMON_BLOCKS = YES;
				GCC_OPTIMIZATION_LEVEL = 0;
				GCC_PREPROCESSOR_DEFINITIONS = (
					"DEBUG=1",
					"$(inherited)",
				);
				GCC_WARN_64_TO_32_BIT_CONVERSION = YES;
				GCC_WARN_ABOUT_RETURN_TYPE = YES_ERROR;
				GCC_WARN_UNDECLARED_SELECTOR = YES;
				GCC_WARN_UNINITIALIZED_AUTOS = YES_AGGRESSIVE;
				GCC_WARN_UNUSED_FUNCTION = YES;
				GCC_WARN_UNUSED_VARIABLE = YES;
				IPHONEOS_DEPLOYMENT_TARGET = 16.2;
				MTL_ENABLE_DEBUG_INFO = INCLUDE_SOURCE;
				MTL_FAST_MATH = YES;
				ONLY_ACTIVE_ARCH = YES;
				SDKROOT = iphoneos;
				SWIFT_ACTIVE_COMPILATION_CONDITIONS = DEBUG;
				SWIFT_OPTIMIZATION_LEVEL = "-Onone";
			};
			name = Debug;
		};
		85713866299022A20022F44C /* Release */ = {
			isa = XCBuildConfiguration;
			buildSettings = {
				ALWAYS_SEARCH_USER_PATHS = NO;
				CLANG_ANALYZER_NONNULL = YES;
				CLANG_ANALYZER_NUMBER_OBJECT_CONVERSION = YES_AGGRESSIVE;
				CLANG_CXX_LANGUAGE_STANDARD = "gnu++20";
				CLANG_ENABLE_MODULES = YES;
				CLANG_ENABLE_OBJC_ARC = YES;
				CLANG_ENABLE_OBJC_WEAK = YES;
				CLANG_WARN_BLOCK_CAPTURE_AUTORELEASING = YES;
				CLANG_WARN_BOOL_CONVERSION = YES;
				CLANG_WARN_COMMA = YES;
				CLANG_WARN_CONSTANT_CONVERSION = YES;
				CLANG_WARN_DEPRECATED_OBJC_IMPLEMENTATIONS = YES;
				CLANG_WARN_DIRECT_OBJC_ISA_USAGE = YES_ERROR;
				CLANG_WARN_DOCUMENTATION_COMMENTS = YES;
				CLANG_WARN_EMPTY_BODY = YES;
				CLANG_WARN_ENUM_CONVERSION = YES;
				CLANG_WARN_INFINITE_RECURSION = YES;
				CLANG_WARN_INT_CONVERSION = YES;
				CLANG_WARN_NON_LITERAL_NULL_CONVERSION = YES;
				CLANG_WARN_OBJC_IMPLICIT_RETAIN_SELF = YES;
				CLANG_WARN_OBJC_LITERAL_CONVERSION = YES;
				CLANG_WARN_OBJC_ROOT_CLASS = YES_ERROR;
				CLANG_WARN_QUOTED_INCLUDE_IN_FRAMEWORK_HEADER = YES;
				CLANG_WARN_RANGE_LOOP_ANALYSIS = YES;
				CLANG_WARN_STRICT_PROTOTYPES = YES;
				CLANG_WARN_SUSPICIOUS_MOVE = YES;
				CLANG_WARN_UNGUARDED_AVAILABILITY = YES_AGGRESSIVE;
				CLANG_WARN_UNREACHABLE_CODE = YES;
				CLANG_WARN__DUPLICATE_METHOD_MATCH = YES;
				COPY_PHASE_STRIP = NO;
				DEBUG_INFORMATION_FORMAT = "dwarf-with-dsym";
				ENABLE_NS_ASSERTIONS = NO;
				ENABLE_STRICT_OBJC_MSGSEND = YES;
				GCC_C_LANGUAGE_STANDARD = gnu11;
				GCC_NO_COMMON_BLOCKS = YES;
				GCC_WARN_64_TO_32_BIT_CONVERSION = YES;
				GCC_WARN_ABOUT_RETURN_TYPE = YES_ERROR;
				GCC_WARN_UNDECLARED_SELECTOR = YES;
				GCC_WARN_UNINITIALIZED_AUTOS = YES_AGGRESSIVE;
				GCC_WARN_UNUSED_FUNCTION = YES;
				GCC_WARN_UNUSED_VARIABLE = YES;
				IPHONEOS_DEPLOYMENT_TARGET = 16.2;
				MTL_ENABLE_DEBUG_INFO = NO;
				MTL_FAST_MATH = YES;
				SDKROOT = iphoneos;
				SWIFT_COMPILATION_MODE = wholemodule;
				SWIFT_OPTIMIZATION_LEVEL = "-O";
				VALIDATE_PRODUCT = YES;
			};
			name = Release;
		};
		85713868299022A20022F44C /* Debug */ = {
			isa = XCBuildConfiguration;
			buildSettings = {
				ASSETCATALOG_COMPILER_APPICON_NAME = AppIcon;
				ASSETCATALOG_COMPILER_GLOBAL_ACCENT_COLOR_NAME = AccentColor;
				CODE_SIGN_STYLE = Automatic;
				CURRENT_PROJECT_VERSION = 1;
				DEVELOPMENT_TEAM = K58CCQ4TCZ;
				GENERATE_INFOPLIST_FILE = YES;
				INFOPLIST_FILE = CineworldApp/Info.plist;
				INFOPLIST_KEY_UIApplicationSupportsIndirectInputEvents = YES;
				INFOPLIST_KEY_UILaunchStoryboardName = LaunchScreen;
				INFOPLIST_KEY_UISupportedInterfaceOrientations_iPad = "UIInterfaceOrientationPortrait UIInterfaceOrientationPortraitUpsideDown UIInterfaceOrientationLandscapeLeft UIInterfaceOrientationLandscapeRight";
				INFOPLIST_KEY_UISupportedInterfaceOrientations_iPhone = "UIInterfaceOrientationPortrait UIInterfaceOrientationLandscapeLeft UIInterfaceOrientationLandscapeRight";
				LD_RUNPATH_SEARCH_PATHS = (
					"$(inherited)",
					"@executable_path/Frameworks",
				);
				MARKETING_VERSION = 1.0;
				PRODUCT_BUNDLE_IDENTIFIER = com.uliana.CineworldApp;
				PRODUCT_NAME = "$(TARGET_NAME)";
				SUPPORTED_PLATFORMS = "iphoneos iphonesimulator";
				SUPPORTS_MACCATALYST = NO;
				SUPPORTS_MAC_DESIGNED_FOR_IPHONE_IPAD = NO;
				SWIFT_EMIT_LOC_STRINGS = YES;
				SWIFT_VERSION = 5.0;
				TARGETED_DEVICE_FAMILY = 1;
			};
			name = Debug;
		};
		85713869299022A20022F44C /* Release */ = {
			isa = XCBuildConfiguration;
			buildSettings = {
				ASSETCATALOG_COMPILER_APPICON_NAME = AppIcon;
				ASSETCATALOG_COMPILER_GLOBAL_ACCENT_COLOR_NAME = AccentColor;
				CODE_SIGN_STYLE = Automatic;
				CURRENT_PROJECT_VERSION = 1;
				DEVELOPMENT_TEAM = K58CCQ4TCZ;
				GENERATE_INFOPLIST_FILE = YES;
				INFOPLIST_FILE = CineworldApp/Info.plist;
				INFOPLIST_KEY_UIApplicationSupportsIndirectInputEvents = YES;
				INFOPLIST_KEY_UILaunchStoryboardName = LaunchScreen;
				INFOPLIST_KEY_UISupportedInterfaceOrientations_iPad = "UIInterfaceOrientationPortrait UIInterfaceOrientationPortraitUpsideDown UIInterfaceOrientationLandscapeLeft UIInterfaceOrientationLandscapeRight";
				INFOPLIST_KEY_UISupportedInterfaceOrientations_iPhone = "UIInterfaceOrientationPortrait UIInterfaceOrientationLandscapeLeft UIInterfaceOrientationLandscapeRight";
				LD_RUNPATH_SEARCH_PATHS = (
					"$(inherited)",
					"@executable_path/Frameworks",
				);
				MARKETING_VERSION = 1.0;
				PRODUCT_BUNDLE_IDENTIFIER = com.uliana.CineworldApp;
				PRODUCT_NAME = "$(TARGET_NAME)";
				SUPPORTED_PLATFORMS = "iphoneos iphonesimulator";
				SUPPORTS_MACCATALYST = NO;
				SUPPORTS_MAC_DESIGNED_FOR_IPHONE_IPAD = NO;
				SWIFT_EMIT_LOC_STRINGS = YES;
				SWIFT_VERSION = 5.0;
				TARGETED_DEVICE_FAMILY = 1;
			};
			name = Release;
		};
/* End XCBuildConfiguration section */

/* Begin XCConfigurationList section */
		8571384E299022A10022F44C /* Build configuration list for PBXProject "CineworldApp" */ = {
			isa = XCConfigurationList;
			buildConfigurations = (
				85713865299022A20022F44C /* Debug */,
				85713866299022A20022F44C /* Release */,
			);
			defaultConfigurationIsVisible = 0;
			defaultConfigurationName = Release;
		};
		85713867299022A20022F44C /* Build configuration list for PBXNativeTarget "CineworldApp" */ = {
			isa = XCConfigurationList;
			buildConfigurations = (
				85713868299022A20022F44C /* Debug */,
				85713869299022A20022F44C /* Release */,
			);
			defaultConfigurationIsVisible = 0;
			defaultConfigurationName = Release;
		};
/* End XCConfigurationList section */

/* Begin XCRemoteSwiftPackageReference section */
		85670CC2299F8CBA003DA754 /* XCRemoteSwiftPackageReference "IQKeyboardManager" */ = {
			isa = XCRemoteSwiftPackageReference;
			repositoryURL = "https://github.com/hackiftekhar/IQKeyboardManager.git";
			requirement = {
				kind = exactVersion;
				version = 6.5.0;
			};
		};
		85670CDC29A16291003DA754 /* XCRemoteSwiftPackageReference "firebase-ios-sdk" */ = {
			isa = XCRemoteSwiftPackageReference;
			repositoryURL = "https://github.com/firebase/firebase-ios-sdk";
			requirement = {
				kind = upToNextMajorVersion;
				minimumVersion = 10.5.0;
			};
		};
/* End XCRemoteSwiftPackageReference section */

/* Begin XCSwiftPackageProductDependency section */
		85670CC3299F8CBA003DA754 /* IQKeyboardManagerSwift */ = {
			isa = XCSwiftPackageProductDependency;
			package = 85670CC2299F8CBA003DA754 /* XCRemoteSwiftPackageReference "IQKeyboardManager" */;
			productName = IQKeyboardManagerSwift;
		};
		85670CDD29A16291003DA754 /* FirebaseAnalytics */ = {
			isa = XCSwiftPackageProductDependency;
			package = 85670CDC29A16291003DA754 /* XCRemoteSwiftPackageReference "firebase-ios-sdk" */;
			productName = FirebaseAnalytics;
		};
		85670CDF29A16291003DA754 /* FirebaseAuth */ = {
			isa = XCSwiftPackageProductDependency;
			package = 85670CDC29A16291003DA754 /* XCRemoteSwiftPackageReference "firebase-ios-sdk" */;
			productName = FirebaseAuth;
		};
		85670CE129A16291003DA754 /* FirebaseCrashlytics */ = {
			isa = XCSwiftPackageProductDependency;
			package = 85670CDC29A16291003DA754 /* XCRemoteSwiftPackageReference "firebase-ios-sdk" */;
			productName = FirebaseCrashlytics;
		};
		85670CE329A16291003DA754 /* FirebaseDatabase */ = {
			isa = XCSwiftPackageProductDependency;
			package = 85670CDC29A16291003DA754 /* XCRemoteSwiftPackageReference "firebase-ios-sdk" */;
			productName = FirebaseDatabase;
		};
		85670CE529A16291003DA754 /* FirebaseStorage */ = {
			isa = XCSwiftPackageProductDependency;
			package = 85670CDC29A16291003DA754 /* XCRemoteSwiftPackageReference "firebase-ios-sdk" */;
			productName = FirebaseStorage;
		};
/* End XCSwiftPackageProductDependency section */
	};
	rootObject = 8571384B299022A10022F44C /* Project object */;
}
